
Microsoft Visual Studio Solution File, Format Version 12.00
# Visual Studio 15
VisualStudioVersion = 15.0.28307.489
MinimumVisualStudioVersion = 10.0.40219.1
Project("{FAE04EC0-301F-11D3-BF4B-00C04F79EFBC}") = "JarvisCorp.GuidePanel", "JarvisCorp.GuidePanel\JarvisCorp.GuidePanel.csproj", "{BBA4BFB8-B90A-4356-B774-7A596B433B9B}"
EndProject
Project("{2150E333-8FDC-42A3-9474-1A3956D46DE8}") = "0-Foundation", "0-Foundation", "{DA9A05E7-3C2B-4833-96C3-3B5850FBD0CC}"
EndProject
Project("{2150E333-8FDC-42A3-9474-1A3956D46DE8}") = "1-Features", "1-Features", "{4994C5AD-BAEE-47EC-8074-77F5075D2D56}"
EndProject
Project("{2150E333-8FDC-42A3-9474-1A3956D46DE8}") = "2-Projects", "2-Projects", "{E094D34C-5BF8-4A96-8BF4-425B2BAFD108}"
EndProject
Project("{2150E333-8FDC-42A3-9474-1A3956D46DE8}") = "_Config", "_Config", "{B040C95B-13D6-44D3-A235-B34A3F5A2798}"
EndProject
Project("{FAE04EC0-301F-11D3-BF4B-00C04F79EFBC}") = "JarvisCorp.Partners", "..\Practical_Hp\JarvisCorp.Partners\JarvisCorp.Partners.csproj", "{B9E921C0-618D-4B65-A06E-EEAA4E9D81B6}"
EndProject
Global
	GlobalSection(SolutionConfigurationPlatforms) = preSolution
		Debug|Any CPU = Debug|Any CPU
		Release|Any CPU = Release|Any CPU
	EndGlobalSection
	GlobalSection(ProjectConfigurationPlatforms) = postSolution
		{BBA4BFB8-B90A-4356-B774-7A596B433B9B}.Debug|Any CPU.ActiveCfg = Debug|Any CPU
		{BBA4BFB8-B90A-4356-B774-7A596B433B9B}.Debug|Any CPU.Build.0 = Debug|Any CPU
		{BBA4BFB8-B90A-4356-B774-7A596B433B9B}.Release|Any CPU.ActiveCfg = Release|Any CPU
		{BBA4BFB8-B90A-4356-B774-7A596B433B9B}.Release|Any CPU.Build.0 = Release|Any CPU
		{B9E921C0-618D-4B65-A06E-EEAA4E9D81B6}.Debug|Any CPU.ActiveCfg = Debug|Any CPU
		{B9E921C0-618D-4B65-A06E-EEAA4E9D81B6}.Debug|Any CPU.Build.0 = Debug|Any CPU
		{B9E921C0-618D-4B65-A06E-EEAA4E9D81B6}.Release|Any CPU.ActiveCfg = Release|Any CPU
		{B9E921C0-618D-4B65-A06E-EEAA4E9D81B6}.Release|Any CPU.Build.0 = Release|Any CPU
	EndGlobalSection
	GlobalSection(SolutionProperties) = preSolution
		HideSolutionNode = FALSE
	EndGlobalSection
	GlobalSection(NestedProjects) = preSolution
		{BBA4BFB8-B90A-4356-B774-7A596B433B9B} = {4994C5AD-BAEE-47EC-8074-77F5075D2D56}
		{B9E921C0-618D-4B65-A06E-EEAA4E9D81B6} = {4994C5AD-BAEE-47EC-8074-77F5075D2D56}
	EndGlobalSection
	GlobalSection(ExtensibilityGlobals) = postSolution
		SolutionGuid = {7EED4E3B-5576-4DEB-918A-2BAF0F9476DE}
		EnterpriseLibraryConfigurationToolBinariesPathV6 = packages\EnterpriseLibrary.Common.6.0.1304.0\lib\NET45;packages\EnterpriseLibrary.TransientFaultHandling.6.0.1304.0\lib\portable-net45+win+wp8;packages\EnterpriseLibrary.TransientFaultHandling.Caching.6.0.1304.0\lib\NET45;packages\EnterpriseLibrary.TransientFaultHandling.Data.6.0.1304.1\lib\NET45;packages\EnterpriseLibrary.TransientFaultHandling.ServiceBus.6.0.1304.0\lib\NET45;packages\EnterpriseLibrary.TransientFaultHandling.WindowsAzure.Storage.6.0.1304.0\lib\NET45;packages\EnterpriseLibrary.TransientFaultHandling.Configuration.6.0.1304.0\lib\NET45
	EndGlobalSection
EndGlobal
