
Microsoft Visual Studio Solution File, Format Version 12.00
# Visual Studio 15
VisualStudioVersion = 15.0.28307.489
MinimumVisualStudioVersion = 10.0.40219.1
Project("{FAE04EC0-301F-11D3-BF4B-00C04F79EFBC}") = "JarvisCorp.GuidePanel", "JarvisCorp.GuidePanel\JarvisCorp.GuidePanel.csproj", "{BBA4BFB8-B90A-4356-B774-7A596B433B9B}"
EndProject
Project("{2150E333-8FDC-42A3-9474-1A3956D46DE8}") = "0-Foundation", "0-Foundation", "{DA9A05E7-3C2B-4833-96C3-3B5850FBD0CC}"
EndProject
Project("{2150E333-8FDC-42A3-9474-1A3956D46DE8}") = "1-Features", "1-Features", "{4994C5AD-BAEE-47EC-8074-77F5075D2D56}"
EndProject
Project("{2150E333-8FDC-42A3-9474-1A3956D46DE8}") = "2-Projects", "2-Projects", "{E094D34C-5BF8-4A96-8BF4-425B2BAFD108}"
EndProject
Project("{2150E333-8FDC-42A3-9474-1A3956D46DE8}") = "_Config", "_Config", "{B040C95B-13D6-44D3-A235-B34A3F5A2798}"
EndProject
Project("{FAE04EC0-301F-11D3-BF4B-00C04F79EFBC}") = "JarvisCorp.Footer", "JarvisCorp.Footer\JarvisCorp.Footer.csproj", "{3740493E-7D21-4998-AAB2-A7C03F6E73EB}"
EndProject
Project("{FAE04EC0-301F-11D3-BF4B-00C04F79EFBC}") = "JarvisCorp.Partners", "JarvisCorp.Partners\JarvisCorp.Partners.csproj", "{B9E921C0-618D-4B65-A06E-EEAA4E9D81B6}"
EndProject
Project("{FAE04EC0-301F-11D3-BF4B-00C04F79EFBC}") = "Practical_hp.LeadershipSection", "Practical_hp.LeadershipSection\Practical_hp.LeadershipSection.csproj", "{C0206620-CEC5-467D-983A-BF3E8BB3DD8C}"
EndProject
Project("{FAE04EC0-301F-11D3-BF4B-00C04F79EFBC}") = "Practical_hp.TileSection", "Practical_hp.TileSection\Practical_hp.TileSection.csproj", "{6A3CD2FE-2597-477F-921B-98F2ED47B108}"
EndProject
Project("{FAE04EC0-301F-11D3-BF4B-00C04F79EFBC}") = "TabComponent.local", "TabComponent.local\TabComponent.local.csproj", "{D2309992-D3B3-4CA9-AFE5-9BA72C88FCB6}"
EndProject
Project("{FAE04EC0-301F-11D3-BF4B-00C04F79EFBC}") = "JarvisCorp.Banner", "JarvisCorp.Banner\JarvisCorp.Banner.csproj", "{DE7EAAD3-9FD0-4476-A67F-58937BC48F14}"
EndProject
Project("{FAE04EC0-301F-11D3-BF4B-00C04F79EFBC}") = "JarvisCorp.Header", "JarvisCorp.Header\JarvisCorp.Header.csproj", "{7EE9AC65-78F3-4AEE-898E-E1EC147873EC}"
EndProject
Project("{FAE04EC0-301F-11D3-BF4B-00C04F79EFBC}") = "JarvisCorp.Webinars", "JarvisCorp.Webinars\JarvisCorp.Webinars.csproj", "{D49A2EC7-3212-44A0-8EB9-3BA7DAD7D97A}"
EndProject
Project("{FAE04EC0-301F-11D3-BF4B-00C04F79EFBC}") = "JarvisCorp.MenuIconLink", "JarvisCorp.MenuIconLink\JarvisCorp.MenuIconLink.csproj", "{24DE831C-F4E2-4B3A-AE42-01FBB47C1BAB}"
EndProject
Project("{FAE04EC0-301F-11D3-BF4B-00C04F79EFBC}") = "Jarviscorp.Feedbacks", "Jarviscorp.Feedbacks\Jarviscorp.Feedbacks.csproj", "{1CF0036C-F95D-406D-9EA1-A6DCDACF30A9}"
EndProject
Project("{FAE04EC0-301F-11D3-BF4B-00C04F79EFBC}") = "JarvisCorp.MainProject", "JarvisCorp.MainProject\JarvisCorp.MainProject.csproj", "{03CCCF35-020E-4E3D-A7C0-BF3AB6D6C8B5}"
EndProject
Project("{FAE04EC0-301F-11D3-BF4B-00C04F79EFBC}") = "JCAwards", "JCAwards\JCAwards.csproj", "{08398F39-5F4E-4496-8383-8417F125C127}"
EndProject
Global
	GlobalSection(SolutionConfigurationPlatforms) = preSolution
		Debug|Any CPU = Debug|Any CPU
		Release|Any CPU = Release|Any CPU
	EndGlobalSection
	GlobalSection(ProjectConfigurationPlatforms) = postSolution
		{BBA4BFB8-B90A-4356-B774-7A596B433B9B}.Debug|Any CPU.ActiveCfg = Debug|Any CPU
		{BBA4BFB8-B90A-4356-B774-7A596B433B9B}.Debug|Any CPU.Build.0 = Debug|Any CPU
		{BBA4BFB8-B90A-4356-B774-7A596B433B9B}.Release|Any CPU.ActiveCfg = Release|Any CPU
		{BBA4BFB8-B90A-4356-B774-7A596B433B9B}.Release|Any CPU.Build.0 = Release|Any CPU
		{3740493E-7D21-4998-AAB2-A7C03F6E73EB}.Debug|Any CPU.ActiveCfg = Debug|Any CPU
		{3740493E-7D21-4998-AAB2-A7C03F6E73EB}.Debug|Any CPU.Build.0 = Debug|Any CPU
		{3740493E-7D21-4998-AAB2-A7C03F6E73EB}.Release|Any CPU.ActiveCfg = Release|Any CPU
		{3740493E-7D21-4998-AAB2-A7C03F6E73EB}.Release|Any CPU.Build.0 = Release|Any CPU
		{B9E921C0-618D-4B65-A06E-EEAA4E9D81B6}.Debug|Any CPU.ActiveCfg = Debug|Any CPU
		{B9E921C0-618D-4B65-A06E-EEAA4E9D81B6}.Debug|Any CPU.Build.0 = Debug|Any CPU
		{B9E921C0-618D-4B65-A06E-EEAA4E9D81B6}.Release|Any CPU.ActiveCfg = Release|Any CPU
		{B9E921C0-618D-4B65-A06E-EEAA4E9D81B6}.Release|Any CPU.Build.0 = Release|Any CPU
		{C0206620-CEC5-467D-983A-BF3E8BB3DD8C}.Debug|Any CPU.ActiveCfg = Debug|Any CPU
		{C0206620-CEC5-467D-983A-BF3E8BB3DD8C}.Debug|Any CPU.Build.0 = Debug|Any CPU
		{C0206620-CEC5-467D-983A-BF3E8BB3DD8C}.Release|Any CPU.ActiveCfg = Release|Any CPU
		{C0206620-CEC5-467D-983A-BF3E8BB3DD8C}.Release|Any CPU.Build.0 = Release|Any CPU
		{6A3CD2FE-2597-477F-921B-98F2ED47B108}.Debug|Any CPU.ActiveCfg = Debug|Any CPU
		{6A3CD2FE-2597-477F-921B-98F2ED47B108}.Debug|Any CPU.Build.0 = Debug|Any CPU
		{6A3CD2FE-2597-477F-921B-98F2ED47B108}.Release|Any CPU.ActiveCfg = Release|Any CPU
		{6A3CD2FE-2597-477F-921B-98F2ED47B108}.Release|Any CPU.Build.0 = Release|Any CPU
		{D2309992-D3B3-4CA9-AFE5-9BA72C88FCB6}.Debug|Any CPU.ActiveCfg = Debug|Any CPU
		{D2309992-D3B3-4CA9-AFE5-9BA72C88FCB6}.Debug|Any CPU.Build.0 = Debug|Any CPU
		{D2309992-D3B3-4CA9-AFE5-9BA72C88FCB6}.Release|Any CPU.ActiveCfg = Release|Any CPU
		{D2309992-D3B3-4CA9-AFE5-9BA72C88FCB6}.Release|Any CPU.Build.0 = Release|Any CPU
		{DE7EAAD3-9FD0-4476-A67F-58937BC48F14}.Debug|Any CPU.ActiveCfg = Debug|Any CPU
		{DE7EAAD3-9FD0-4476-A67F-58937BC48F14}.Debug|Any CPU.Build.0 = Debug|Any CPU
		{DE7EAAD3-9FD0-4476-A67F-58937BC48F14}.Release|Any CPU.ActiveCfg = Release|Any CPU
		{DE7EAAD3-9FD0-4476-A67F-58937BC48F14}.Release|Any CPU.Build.0 = Release|Any CPU
		{7EE9AC65-78F3-4AEE-898E-E1EC147873EC}.Debug|Any CPU.ActiveCfg = Debug|Any CPU
		{7EE9AC65-78F3-4AEE-898E-E1EC147873EC}.Debug|Any CPU.Build.0 = Debug|Any CPU
		{7EE9AC65-78F3-4AEE-898E-E1EC147873EC}.Release|Any CPU.ActiveCfg = Release|Any CPU
		{7EE9AC65-78F3-4AEE-898E-E1EC147873EC}.Release|Any CPU.Build.0 = Release|Any CPU
		{D49A2EC7-3212-44A0-8EB9-3BA7DAD7D97A}.Debug|Any CPU.ActiveCfg = Debug|Any CPU
		{D49A2EC7-3212-44A0-8EB9-3BA7DAD7D97A}.Debug|Any CPU.Build.0 = Debug|Any CPU
		{D49A2EC7-3212-44A0-8EB9-3BA7DAD7D97A}.Release|Any CPU.ActiveCfg = Release|Any CPU
		{D49A2EC7-3212-44A0-8EB9-3BA7DAD7D97A}.Release|Any CPU.Build.0 = Release|Any CPU
		{24DE831C-F4E2-4B3A-AE42-01FBB47C1BAB}.Debug|Any CPU.ActiveCfg = Debug|Any CPU
		{24DE831C-F4E2-4B3A-AE42-01FBB47C1BAB}.Debug|Any CPU.Build.0 = Debug|Any CPU
		{24DE831C-F4E2-4B3A-AE42-01FBB47C1BAB}.Release|Any CPU.ActiveCfg = Release|Any CPU
		{24DE831C-F4E2-4B3A-AE42-01FBB47C1BAB}.Release|Any CPU.Build.0 = Release|Any CPU
		{1CF0036C-F95D-406D-9EA1-A6DCDACF30A9}.Debug|Any CPU.ActiveCfg = Debug|Any CPU
		{1CF0036C-F95D-406D-9EA1-A6DCDACF30A9}.Debug|Any CPU.Build.0 = Debug|Any CPU
		{1CF0036C-F95D-406D-9EA1-A6DCDACF30A9}.Release|Any CPU.ActiveCfg = Release|Any CPU
		{1CF0036C-F95D-406D-9EA1-A6DCDACF30A9}.Release|Any CPU.Build.0 = Release|Any CPU
		{03CCCF35-020E-4E3D-A7C0-BF3AB6D6C8B5}.Debug|Any CPU.ActiveCfg = Debug|Any CPU
		{03CCCF35-020E-4E3D-A7C0-BF3AB6D6C8B5}.Debug|Any CPU.Build.0 = Debug|Any CPU
		{03CCCF35-020E-4E3D-A7C0-BF3AB6D6C8B5}.Release|Any CPU.ActiveCfg = Release|Any CPU
		{03CCCF35-020E-4E3D-A7C0-BF3AB6D6C8B5}.Release|Any CPU.Build.0 = Release|Any CPU
		{08398F39-5F4E-4496-8383-8417F125C127}.Debug|Any CPU.ActiveCfg = Debug|Any CPU
		{08398F39-5F4E-4496-8383-8417F125C127}.Debug|Any CPU.Build.0 = Debug|Any CPU
		{08398F39-5F4E-4496-8383-8417F125C127}.Release|Any CPU.ActiveCfg = Release|Any CPU
		{08398F39-5F4E-4496-8383-8417F125C127}.Release|Any CPU.Build.0 = Release|Any CPU
	EndGlobalSection
	GlobalSection(SolutionProperties) = preSolution
		HideSolutionNode = FALSE
	EndGlobalSection
	GlobalSection(NestedProjects) = preSolution
		{BBA4BFB8-B90A-4356-B774-7A596B433B9B} = {4994C5AD-BAEE-47EC-8074-77F5075D2D56}
		{3740493E-7D21-4998-AAB2-A7C03F6E73EB} = {4994C5AD-BAEE-47EC-8074-77F5075D2D56}
		{B9E921C0-618D-4B65-A06E-EEAA4E9D81B6} = {4994C5AD-BAEE-47EC-8074-77F5075D2D56}
		{C0206620-CEC5-467D-983A-BF3E8BB3DD8C} = {4994C5AD-BAEE-47EC-8074-77F5075D2D56}
		{6A3CD2FE-2597-477F-921B-98F2ED47B108} = {4994C5AD-BAEE-47EC-8074-77F5075D2D56}
		{D2309992-D3B3-4CA9-AFE5-9BA72C88FCB6} = {4994C5AD-BAEE-47EC-8074-77F5075D2D56}
		{DE7EAAD3-9FD0-4476-A67F-58937BC48F14} = {4994C5AD-BAEE-47EC-8074-77F5075D2D56}
		{7EE9AC65-78F3-4AEE-898E-E1EC147873EC} = {4994C5AD-BAEE-47EC-8074-77F5075D2D56}
		{D49A2EC7-3212-44A0-8EB9-3BA7DAD7D97A} = {4994C5AD-BAEE-47EC-8074-77F5075D2D56}
		{24DE831C-F4E2-4B3A-AE42-01FBB47C1BAB} = {4994C5AD-BAEE-47EC-8074-77F5075D2D56}
		{1CF0036C-F95D-406D-9EA1-A6DCDACF30A9} = {4994C5AD-BAEE-47EC-8074-77F5075D2D56}
		{03CCCF35-020E-4E3D-A7C0-BF3AB6D6C8B5} = {E094D34C-5BF8-4A96-8BF4-425B2BAFD108}
		{08398F39-5F4E-4496-8383-8417F125C127} = {4994C5AD-BAEE-47EC-8074-77F5075D2D56}
	EndGlobalSection
	GlobalSection(ExtensibilityGlobals) = postSolution
		SolutionGuid = {7EED4E3B-5576-4DEB-918A-2BAF0F9476DE}
		EnterpriseLibraryConfigurationToolBinariesPathV6 = packages\EnterpriseLibrary.Common.6.0.1304.0\lib\NET45;packages\EnterpriseLibrary.TransientFaultHandling.6.0.1304.0\lib\portable-net45+win+wp8;packages\EnterpriseLibrary.TransientFaultHandling.Caching.6.0.1304.0\lib\NET45;packages\EnterpriseLibrary.TransientFaultHandling.Data.6.0.1304.1\lib\NET45;packages\EnterpriseLibrary.TransientFaultHandling.ServiceBus.6.0.1304.0\lib\NET45;packages\EnterpriseLibrary.TransientFaultHandling.WindowsAzure.Storage.6.0.1304.0\lib\NET45;packages\EnterpriseLibrary.TransientFaultHandling.Configuration.6.0.1304.0\lib\NET45
	EndGlobalSection
EndGlobal
